// !$*UTF8*$!
{
	archiveVersion = 1;
	classes = {
	};
	objectVersion = 46;
	objects = {

/* Begin PBXBuildFile section */
		BC74AF901E018EBC00D11BA9 /* String+SeparatedDate.swift in Sources */ = {isa = PBXBuildFile; fileRef = BC74AF8F1E018EBC00D11BA9 /* String+SeparatedDate.swift */; };
		C49F3BF67247BFC8A41F95FA /* libPods.a in Frameworks */ = {isa = PBXBuildFile; fileRef = BBAA8FA2ED5AB536E4F7FCDE /* libPods.a */; };
		C51A94551DFFE5F5009C0B87 /* AppDelegate.swift in Sources */ = {isa = PBXBuildFile; fileRef = C51A94541DFFE5F5009C0B87 /* AppDelegate.swift */; };
		C51A94571DFFE5F5009C0B87 /* CalendarViewController.swift in Sources */ = {isa = PBXBuildFile; fileRef = C51A94561DFFE5F5009C0B87 /* CalendarViewController.swift */; };
		C51A945A1DFFE5F5009C0B87 /* Calendar.storyboard in Resources */ = {isa = PBXBuildFile; fileRef = C51A94581DFFE5F5009C0B87 /* Calendar.storyboard */; };
		C51A945C1DFFE5F5009C0B87 /* Assets.xcassets in Resources */ = {isa = PBXBuildFile; fileRef = C51A945B1DFFE5F5009C0B87 /* Assets.xcassets */; };
		C51A945F1DFFE5F5009C0B87 /* LaunchScreen.storyboard in Resources */ = {isa = PBXBuildFile; fileRef = C51A945D1DFFE5F5009C0B87 /* LaunchScreen.storyboard */; };
		C51A946A1DFFE5F5009C0B87 /* ios_calendarTests.swift in Sources */ = {isa = PBXBuildFile; fileRef = C51A94691DFFE5F5009C0B87 /* ios_calendarTests.swift */; };
		C51A94751DFFE60E009C0B87 /* CalendarUsecase.swift in Sources */ = {isa = PBXBuildFile; fileRef = C51A94741DFFE60E009C0B87 /* CalendarUsecase.swift */; };
		C51A94781DFFF031009C0B87 /* Date+Calendar.swift in Sources */ = {isa = PBXBuildFile; fileRef = C51A94771DFFF031009C0B87 /* Date+Calendar.swift */; };
		C51A947C1DFFFD4B009C0B87 /* CalendarItemCell.swift in Sources */ = {isa = PBXBuildFile; fileRef = C51A947B1DFFFD4B009C0B87 /* CalendarItemCell.swift */; };
		C522C7891E0151E50075E008 /* Storyboardable.swift in Sources */ = {isa = PBXBuildFile; fileRef = C522C7881E0151E50075E008 /* Storyboardable.swift */; };
		C5324DC11E00CAA4006444A0 /* CalendarItemCellSize.swift in Sources */ = {isa = PBXBuildFile; fileRef = C5324DC01E00CAA4006444A0 /* CalendarItemCellSize.swift */; };
		C5324DCA1E00E120006444A0 /* String+Path.swift in Sources */ = {isa = PBXBuildFile; fileRef = C5324DC91E00E120006444A0 /* String+Path.swift */; };
		C5324DCC1E00E129006444A0 /* DBUsecase.swift in Sources */ = {isa = PBXBuildFile; fileRef = C5324DCB1E00E129006444A0 /* DBUsecase.swift */; };
		C5324DCE1E00E516006444A0 /* ToDoUsecase.swift in Sources */ = {isa = PBXBuildFile; fileRef = C5324DCD1E00E516006444A0 /* ToDoUsecase.swift */; };
		C5324DD01E00E53F006444A0 /* ToDoEntity.swift in Sources */ = {isa = PBXBuildFile; fileRef = C5324DCF1E00E53F006444A0 /* ToDoEntity.swift */; };
		C5324DD21E0117F0006444A0 /* String+Date.swift in Sources */ = {isa = PBXBuildFile; fileRef = C5324DD11E0117F0006444A0 /* String+Date.swift */; };
		C5324DD41E011A3C006444A0 /* Date+String.swift in Sources */ = {isa = PBXBuildFile; fileRef = C5324DD31E011A3C006444A0 /* Date+String.swift */; };
		C5324DD61E012346006444A0 /* DBUsecaseTest.swift in Sources */ = {isa = PBXBuildFile; fileRef = C5324DD51E012346006444A0 /* DBUsecaseTest.swift */; };
		C5324DD81E012358006444A0 /* ToDoUsecaseTest.swift in Sources */ = {isa = PBXBuildFile; fileRef = C5324DD71E012358006444A0 /* ToDoUsecaseTest.swift */; };
		C5324DDA1E0139AD006444A0 /* CalendarItemColor.swift in Sources */ = {isa = PBXBuildFile; fileRef = C5324DD91E0139AD006444A0 /* CalendarItemColor.swift */; };
		C5324DE21E0140A8006444A0 /* ToDoViewController.swift in Sources */ = {isa = PBXBuildFile; fileRef = C5324DE11E0140A8006444A0 /* ToDoViewController.swift */; };
		C5324DE41E014128006444A0 /* UIStoryboard+Scene.swift in Sources */ = {isa = PBXBuildFile; fileRef = C5324DE31E014128006444A0 /* UIStoryboard+Scene.swift */; };
		C5324DE61E014FCB006444A0 /* ToDoViewController.storyboard in Resources */ = {isa = PBXBuildFile; fileRef = C5324DE51E014FCB006444A0 /* ToDoViewController.storyboard */; };
		C581D9751DFFFED90045FFC9 /* CalendarCollectionView.swift in Sources */ = {isa = PBXBuildFile; fileRef = C581D9741DFFFED90045FFC9 /* CalendarCollectionView.swift */; };
		C5E527811E026C3A00BE94C1 /* ToDoListTableView.swift in Sources */ = {isa = PBXBuildFile; fileRef = C5E527801E026C3A00BE94C1 /* ToDoListTableView.swift */; };
/* End PBXBuildFile section */

/* Begin PBXContainerItemProxy section */
		C51A94661DFFE5F5009C0B87 /* PBXContainerItemProxy */ = {
			isa = PBXContainerItemProxy;
			containerPortal = C51A94491DFFE5F5009C0B87 /* Project object */;
			proxyType = 1;
			remoteGlobalIDString = C51A94501DFFE5F5009C0B87;
			remoteInfo = "ios-calendar";
		};
/* End PBXContainerItemProxy section */

/* Begin PBXFileReference section */
		1E113E8EF87E630B9F98A8A7 /* Pods.debug.xcconfig */ = {isa = PBXFileReference; includeInIndex = 1; lastKnownFileType = text.xcconfig; name = Pods.debug.xcconfig; path = "Pods/Target Support Files/Pods/Pods.debug.xcconfig"; sourceTree = "<group>"; };
		AFAAD4182871B853008BB40B /* Pods.release.xcconfig */ = {isa = PBXFileReference; includeInIndex = 1; lastKnownFileType = text.xcconfig; name = Pods.release.xcconfig; path = "Pods/Target Support Files/Pods/Pods.release.xcconfig"; sourceTree = "<group>"; };
		BBAA8FA2ED5AB536E4F7FCDE /* libPods.a */ = {isa = PBXFileReference; explicitFileType = archive.ar; includeInIndex = 0; path = libPods.a; sourceTree = BUILT_PRODUCTS_DIR; };
		BC74AF8F1E018EBC00D11BA9 /* String+SeparatedDate.swift */ = {isa = PBXFileReference; fileEncoding = 4; lastKnownFileType = sourcecode.swift; path = "String+SeparatedDate.swift"; sourceTree = "<group>"; };
		C51A94511DFFE5F5009C0B87 /* ios-calendar.app */ = {isa = PBXFileReference; explicitFileType = wrapper.application; includeInIndex = 0; path = "ios-calendar.app"; sourceTree = BUILT_PRODUCTS_DIR; };
		C51A94541DFFE5F5009C0B87 /* AppDelegate.swift */ = {isa = PBXFileReference; lastKnownFileType = sourcecode.swift; path = AppDelegate.swift; sourceTree = "<group>"; };
		C51A94561DFFE5F5009C0B87 /* CalendarViewController.swift */ = {isa = PBXFileReference; lastKnownFileType = sourcecode.swift; path = CalendarViewController.swift; sourceTree = "<group>"; };
		C51A94591DFFE5F5009C0B87 /* Base */ = {isa = PBXFileReference; lastKnownFileType = file.storyboard; name = Base; path = Base.lproj/Calendar.storyboard; sourceTree = "<group>"; };
		C51A945B1DFFE5F5009C0B87 /* Assets.xcassets */ = {isa = PBXFileReference; lastKnownFileType = folder.assetcatalog; path = Assets.xcassets; sourceTree = "<group>"; };
		C51A945E1DFFE5F5009C0B87 /* Base */ = {isa = PBXFileReference; lastKnownFileType = file.storyboard; name = Base; path = Base.lproj/LaunchScreen.storyboard; sourceTree = "<group>"; };
		C51A94601DFFE5F5009C0B87 /* Info.plist */ = {isa = PBXFileReference; lastKnownFileType = text.plist.xml; path = Info.plist; sourceTree = "<group>"; };
		C51A94651DFFE5F5009C0B87 /* ios-calendarTests.xctest */ = {isa = PBXFileReference; explicitFileType = wrapper.cfbundle; includeInIndex = 0; path = "ios-calendarTests.xctest"; sourceTree = BUILT_PRODUCTS_DIR; };
		C51A94691DFFE5F5009C0B87 /* ios_calendarTests.swift */ = {isa = PBXFileReference; lastKnownFileType = sourcecode.swift; path = ios_calendarTests.swift; sourceTree = "<group>"; };
		C51A946B1DFFE5F5009C0B87 /* Info.plist */ = {isa = PBXFileReference; lastKnownFileType = text.plist.xml; path = Info.plist; sourceTree = "<group>"; };
		C51A94741DFFE60E009C0B87 /* CalendarUsecase.swift */ = {isa = PBXFileReference; fileEncoding = 4; lastKnownFileType = sourcecode.swift; path = CalendarUsecase.swift; sourceTree = "<group>"; };
		C51A94771DFFF031009C0B87 /* Date+Calendar.swift */ = {isa = PBXFileReference; fileEncoding = 4; lastKnownFileType = sourcecode.swift; path = "Date+Calendar.swift"; sourceTree = "<group>"; };
		C51A947B1DFFFD4B009C0B87 /* CalendarItemCell.swift */ = {isa = PBXFileReference; fileEncoding = 4; lastKnownFileType = sourcecode.swift; path = CalendarItemCell.swift; sourceTree = "<group>"; };
		C522C7881E0151E50075E008 /* Storyboardable.swift */ = {isa = PBXFileReference; fileEncoding = 4; lastKnownFileType = sourcecode.swift; path = Storyboardable.swift; sourceTree = "<group>"; };
		C5324DC01E00CAA4006444A0 /* CalendarItemCellSize.swift */ = {isa = PBXFileReference; fileEncoding = 4; lastKnownFileType = sourcecode.swift; path = CalendarItemCellSize.swift; sourceTree = "<group>"; };
		C5324DC21E00D4D3006444A0 /* ios-calendar-Bridging-Header.h */ = {isa = PBXFileReference; lastKnownFileType = sourcecode.c.h; path = "ios-calendar-Bridging-Header.h"; sourceTree = "<group>"; };
		C5324DC91E00E120006444A0 /* String+Path.swift */ = {isa = PBXFileReference; fileEncoding = 4; lastKnownFileType = sourcecode.swift; path = "String+Path.swift"; sourceTree = "<group>"; };
		C5324DCB1E00E129006444A0 /* DBUsecase.swift */ = {isa = PBXFileReference; fileEncoding = 4; lastKnownFileType = sourcecode.swift; path = DBUsecase.swift; sourceTree = "<group>"; };
		C5324DCD1E00E516006444A0 /* ToDoUsecase.swift */ = {isa = PBXFileReference; fileEncoding = 4; lastKnownFileType = sourcecode.swift; path = ToDoUsecase.swift; sourceTree = "<group>"; };
		C5324DCF1E00E53F006444A0 /* ToDoEntity.swift */ = {isa = PBXFileReference; fileEncoding = 4; lastKnownFileType = sourcecode.swift; path = ToDoEntity.swift; sourceTree = "<group>"; };
		C5324DD11E0117F0006444A0 /* String+Date.swift */ = {isa = PBXFileReference; fileEncoding = 4; lastKnownFileType = sourcecode.swift; path = "String+Date.swift"; sourceTree = "<group>"; };
		C5324DD31E011A3C006444A0 /* Date+String.swift */ = {isa = PBXFileReference; fileEncoding = 4; lastKnownFileType = sourcecode.swift; path = "Date+String.swift"; sourceTree = "<group>"; };
		C5324DD51E012346006444A0 /* DBUsecaseTest.swift */ = {isa = PBXFileReference; fileEncoding = 4; lastKnownFileType = sourcecode.swift; path = DBUsecaseTest.swift; sourceTree = "<group>"; };
		C5324DD71E012358006444A0 /* ToDoUsecaseTest.swift */ = {isa = PBXFileReference; fileEncoding = 4; lastKnownFileType = sourcecode.swift; path = ToDoUsecaseTest.swift; sourceTree = "<group>"; };
		C5324DD91E0139AD006444A0 /* CalendarItemColor.swift */ = {isa = PBXFileReference; fileEncoding = 4; lastKnownFileType = sourcecode.swift; path = CalendarItemColor.swift; sourceTree = "<group>"; };
		C5324DE11E0140A8006444A0 /* ToDoViewController.swift */ = {isa = PBXFileReference; fileEncoding = 4; lastKnownFileType = sourcecode.swift; path = ToDoViewController.swift; sourceTree = "<group>"; };
		C5324DE31E014128006444A0 /* UIStoryboard+Scene.swift */ = {isa = PBXFileReference; fileEncoding = 4; lastKnownFileType = sourcecode.swift; path = "UIStoryboard+Scene.swift"; sourceTree = "<group>"; };
		C5324DE51E014FCB006444A0 /* ToDoViewController.storyboard */ = {isa = PBXFileReference; fileEncoding = 4; lastKnownFileType = file.storyboard; path = ToDoViewController.storyboard; sourceTree = "<group>"; };
		C581D9741DFFFED90045FFC9 /* CalendarCollectionView.swift */ = {isa = PBXFileReference; fileEncoding = 4; lastKnownFileType = sourcecode.swift; path = CalendarCollectionView.swift; sourceTree = "<group>"; };
		C5E527801E026C3A00BE94C1 /* ToDoListTableView.swift */ = {isa = PBXFileReference; fileEncoding = 4; lastKnownFileType = sourcecode.swift; name = ToDoListTableView.swift; path = ToDo/ToDoListTableView.swift; sourceTree = "<group>"; };
/* End PBXFileReference section */

/* Begin PBXFrameworksBuildPhase section */
		C51A944E1DFFE5F5009C0B87 /* Frameworks */ = {
			isa = PBXFrameworksBuildPhase;
			buildActionMask = 2147483647;
			files = (
				C49F3BF67247BFC8A41F95FA /* libPods.a in Frameworks */,
			);
			runOnlyForDeploymentPostprocessing = 0;
		};
		C51A94621DFFE5F5009C0B87 /* Frameworks */ = {
			isa = PBXFrameworksBuildPhase;
			buildActionMask = 2147483647;
			files = (
			);
			runOnlyForDeploymentPostprocessing = 0;
		};
/* End PBXFrameworksBuildPhase section */

/* Begin PBXGroup section */
		01F272BAA209930DC1ADDFFE /* Pods */ = {
			isa = PBXGroup;
			children = (
				1E113E8EF87E630B9F98A8A7 /* Pods.debug.xcconfig */,
				AFAAD4182871B853008BB40B /* Pods.release.xcconfig */,
			);
			name = Pods;
			sourceTree = "<group>";
		};
		34F89D34A34E0CD4337FC568 /* Frameworks */ = {
			isa = PBXGroup;
			children = (
				BBAA8FA2ED5AB536E4F7FCDE /* libPods.a */,
			);
			name = Frameworks;
			sourceTree = "<group>";
		};
		BC2B80231E001D8000E65FF6 /* Controller */ = {
			isa = PBXGroup;
			children = (
				C5324DDD1E013BBC006444A0 /* CalendarView */,
				C522C78A1E0152B10075E008 /* Common */,
				C5324DDE1E013BC9006444A0 /* StartUp */,
				C5324DDF1E013F8C006444A0 /* ToDo */,
			);
			path = Controller;
			sourceTree = "<group>";
		};
		BC2B80241E001D8D00E65FF6 /* Resource */ = {
			isa = PBXGroup;
			children = (
				C51A945B1DFFE5F5009C0B87 /* Assets.xcassets */,
			);
			path = Resource;
			sourceTree = "<group>";
		};
		C51A94481DFFE5F5009C0B87 = {
			isa = PBXGroup;
			children = (
				34F89D34A34E0CD4337FC568 /* Frameworks */,
				01F272BAA209930DC1ADDFFE /* Pods */,
				C51A94521DFFE5F5009C0B87 /* Products */,
				C51A94531DFFE5F5009C0B87 /* ios-calendar */,
				C51A94681DFFE5F5009C0B87 /* ios-calendarTests */,
			);
			sourceTree = "<group>";
		};
		C51A94521DFFE5F5009C0B87 /* Products */ = {
			isa = PBXGroup;
			children = (
				C51A94511DFFE5F5009C0B87 /* ios-calendar.app */,
				C51A94651DFFE5F5009C0B87 /* ios-calendarTests.xctest */,
			);
			name = Products;
			sourceTree = "<group>";
		};
		C51A94531DFFE5F5009C0B87 /* ios-calendar */ = {
			isa = PBXGroup;
			children = (
				BC2B80231E001D8000E65FF6 /* Controller */,
				C51A94761DFFF024009C0B87 /* Extension */,
				C51A94791DFFF1DE009C0B87 /* Model */,
				BC2B80241E001D8D00E65FF6 /* Resource */,
				C51A947A1DFFFD23009C0B87 /* View */,
				C51A94541DFFE5F5009C0B87 /* AppDelegate.swift */,
				C51A94601DFFE5F5009C0B87 /* Info.plist */,
				C5324DC21E00D4D3006444A0 /* ios-calendar-Bridging-Header.h */,
			);
			path = "ios-calendar";
			sourceTree = "<group>";
		};
		C51A94681DFFE5F5009C0B87 /* ios-calendarTests */ = {
			isa = PBXGroup;
			children = (
				C5324DD51E012346006444A0 /* DBUsecaseTest.swift */,
				C51A946B1DFFE5F5009C0B87 /* Info.plist */,
				C5324DD71E012358006444A0 /* ToDoUsecaseTest.swift */,
				C51A94691DFFE5F5009C0B87 /* ios_calendarTests.swift */,
			);
			path = "ios-calendarTests";
			sourceTree = "<group>";
		};
		C51A94761DFFF024009C0B87 /* Extension */ = {
			isa = PBXGroup;
			children = (
				C51A94771DFFF031009C0B87 /* Date+Calendar.swift */,
				C5324DD31E011A3C006444A0 /* Date+String.swift */,
				C5324DD11E0117F0006444A0 /* String+Date.swift */,
				C5324DC91E00E120006444A0 /* String+Path.swift */,
				BC74AF8F1E018EBC00D11BA9 /* String+SeparatedDate.swift */,
				C5324DE31E014128006444A0 /* UIStoryboard+Scene.swift */,
			);
			path = Extension;
			sourceTree = "<group>";
		};
		C51A94791DFFF1DE009C0B87 /* Model */ = {
			isa = PBXGroup;
			children = (
				C5324DDC1E013B83006444A0 /* Entiry */,
				C5324DDB1E013B69006444A0 /* Usecase */,
			);
			path = Model;
			sourceTree = "<group>";
		};
		C51A947A1DFFFD23009C0B87 /* View */ = {
			isa = PBXGroup;
			children = (
				C5E5277E1E026BF600BE94C1 /* Calendar */,
				C5E5277F1E026C0200BE94C1 /* ToDo */,
			);
			path = View;
			sourceTree = "<group>";
		};
		C522C78A1E0152B10075E008 /* Common */ = {
			isa = PBXGroup;
			children = (
				C522C7881E0151E50075E008 /* Storyboardable.swift */,
			);
			path = Common;
			sourceTree = "<group>";
		};
		C5324DDB1E013B69006444A0 /* Usecase */ = {
			isa = PBXGroup;
			children = (
				C51A94741DFFE60E009C0B87 /* CalendarUsecase.swift */,
				C5324DCB1E00E129006444A0 /* DBUsecase.swift */,
				C5324DCD1E00E516006444A0 /* ToDoUsecase.swift */,
			);
			path = Usecase;
			sourceTree = "<group>";
		};
		C5324DDC1E013B83006444A0 /* Entiry */ = {
			isa = PBXGroup;
			children = (
				C5324DCF1E00E53F006444A0 /* ToDoEntity.swift */,
			);
			path = Entiry;
			sourceTree = "<group>";
		};
		C5324DDD1E013BBC006444A0 /* CalendarView */ = {
			isa = PBXGroup;
			children = (
				C51A94581DFFE5F5009C0B87 /* Calendar.storyboard */,
				C51A94561DFFE5F5009C0B87 /* CalendarViewController.swift */,
			);
			path = CalendarView;
			sourceTree = "<group>";
		};
		C5324DDE1E013BC9006444A0 /* StartUp */ = {
			isa = PBXGroup;
			children = (
				C51A945D1DFFE5F5009C0B87 /* LaunchScreen.storyboard */,
			);
			path = StartUp;
			sourceTree = "<group>";
		};
		C5324DDF1E013F8C006444A0 /* ToDo */ = {
			isa = PBXGroup;
			children = (
				C5324DE51E014FCB006444A0 /* ToDoViewController.storyboard */,
				C5324DE11E0140A8006444A0 /* ToDoViewController.swift */,
			);
			path = ToDo;
			sourceTree = "<group>";
		};
		C5E5277E1E026BF600BE94C1 /* Calendar */ = {
			isa = PBXGroup;
			children = (
				C581D9741DFFFED90045FFC9 /* CalendarCollectionView.swift */,
				C51A947B1DFFFD4B009C0B87 /* CalendarItemCell.swift */,
				C5324DC01E00CAA4006444A0 /* CalendarItemCellSize.swift */,
				C5324DD91E0139AD006444A0 /* CalendarItemColor.swift */,
			);
			name = Calendar;
			sourceTree = "<group>";
		};
		C5E5277F1E026C0200BE94C1 /* ToDo */ = {
			isa = PBXGroup;
			children = (
				C5E527801E026C3A00BE94C1 /* ToDoListTableView.swift */,
			);
			name = ToDo;
			sourceTree = "<group>";
		};
/* End PBXGroup section */

/* Begin PBXNativeTarget section */
		C51A94501DFFE5F5009C0B87 /* ios-calendar */ = {
			isa = PBXNativeTarget;
			buildConfigurationList = C51A946E1DFFE5F5009C0B87 /* Build configuration list for PBXNativeTarget "ios-calendar" */;
			buildPhases = (
				318D5A9B0C9009B426B629A3 /* Check Pods Manifest.lock */,
				C51A944D1DFFE5F5009C0B87 /* Sources */,
				C51A944E1DFFE5F5009C0B87 /* Frameworks */,
				C51A944F1DFFE5F5009C0B87 /* Resources */,
				919F569ADEC42DAF7C01F1F4 /* Embed Pods Frameworks */,
				F26B8E63A421661E214709F1 /* Copy Pods Resources */,
			);
			buildRules = (
			);
			dependencies = (
			);
			name = "ios-calendar";
			productName = "ios-calendar";
			productReference = C51A94511DFFE5F5009C0B87 /* ios-calendar.app */;
			productType = "com.apple.product-type.application";
		};
		C51A94641DFFE5F5009C0B87 /* ios-calendarTests */ = {
			isa = PBXNativeTarget;
			buildConfigurationList = C51A94711DFFE5F5009C0B87 /* Build configuration list for PBXNativeTarget "ios-calendarTests" */;
			buildPhases = (
				C51A94611DFFE5F5009C0B87 /* Sources */,
				C51A94621DFFE5F5009C0B87 /* Frameworks */,
				C51A94631DFFE5F5009C0B87 /* Resources */,
			);
			buildRules = (
			);
			dependencies = (
				C51A94671DFFE5F5009C0B87 /* PBXTargetDependency */,
			);
			name = "ios-calendarTests";
			productName = "ios-calendarTests";
			productReference = C51A94651DFFE5F5009C0B87 /* ios-calendarTests.xctest */;
			productType = "com.apple.product-type.bundle.unit-test";
		};
/* End PBXNativeTarget section */

/* Begin PBXProject section */
		C51A94491DFFE5F5009C0B87 /* Project object */ = {
			isa = PBXProject;
			attributes = {
				LastSwiftUpdateCheck = 0810;
				LastUpgradeCheck = 0810;
				ORGANIZATIONNAME = "Eiji Kushida";
				TargetAttributes = {
					C51A94501DFFE5F5009C0B87 = {
						CreatedOnToolsVersion = 8.1;
						DevelopmentTeam = PCCZJUYRT6;
						LastSwiftMigration = 0810;
						ProvisioningStyle = Automatic;
					};
					C51A94641DFFE5F5009C0B87 = {
						CreatedOnToolsVersion = 8.1;
						ProvisioningStyle = Automatic;
						TestTargetID = C51A94501DFFE5F5009C0B87;
					};
				};
			};
			buildConfigurationList = C51A944C1DFFE5F5009C0B87 /* Build configuration list for PBXProject "ios-calendar" */;
			compatibilityVersion = "Xcode 3.2";
			developmentRegion = English;
			hasScannedForEncodings = 0;
			knownRegions = (
				en,
				Base,
			);
			mainGroup = C51A94481DFFE5F5009C0B87;
			productRefGroup = C51A94521DFFE5F5009C0B87 /* Products */;
			projectDirPath = "";
			projectRoot = "";
			targets = (
				C51A94501DFFE5F5009C0B87 /* ios-calendar */,
				C51A94641DFFE5F5009C0B87 /* ios-calendarTests */,
			);
		};
/* End PBXProject section */

/* Begin PBXResourcesBuildPhase section */
		C51A944F1DFFE5F5009C0B87 /* Resources */ = {
			isa = PBXResourcesBuildPhase;
			buildActionMask = 2147483647;
			files = (
				C51A945F1DFFE5F5009C0B87 /* LaunchScreen.storyboard in Resources */,
				C51A945C1DFFE5F5009C0B87 /* Assets.xcassets in Resources */,
				C5324DE61E014FCB006444A0 /* ToDoViewController.storyboard in Resources */,
				C51A945A1DFFE5F5009C0B87 /* Calendar.storyboard in Resources */,
			);
			runOnlyForDeploymentPostprocessing = 0;
		};
		C51A94631DFFE5F5009C0B87 /* Resources */ = {
			isa = PBXResourcesBuildPhase;
			buildActionMask = 2147483647;
			files = (
			);
			runOnlyForDeploymentPostprocessing = 0;
		};
/* End PBXResourcesBuildPhase section */

/* Begin PBXShellScriptBuildPhase section */
		318D5A9B0C9009B426B629A3 /* Check Pods Manifest.lock */ = {
			isa = PBXShellScriptBuildPhase;
			buildActionMask = 2147483647;
			files = (
			);
			inputPaths = (
			);
			name = "Check Pods Manifest.lock";
			outputPaths = (
			);
			runOnlyForDeploymentPostprocessing = 0;
			shellPath = /bin/sh;
			shellScript = "diff \"${PODS_ROOT}/../Podfile.lock\" \"${PODS_ROOT}/Manifest.lock\" > /dev/null\nif [[ $? != 0 ]] ; then\n    cat << EOM\nerror: The sandbox is not in sync with the Podfile.lock. Run 'pod install' or update your CocoaPods installation.\nEOM\n    exit 1\nfi\n";
			showEnvVarsInLog = 0;
		};
		919F569ADEC42DAF7C01F1F4 /* Embed Pods Frameworks */ = {
			isa = PBXShellScriptBuildPhase;
			buildActionMask = 2147483647;
			files = (
			);
			inputPaths = (
			);
			name = "Embed Pods Frameworks";
			outputPaths = (
			);
			runOnlyForDeploymentPostprocessing = 0;
			shellPath = /bin/sh;
			shellScript = "\"${SRCROOT}/Pods/Target Support Files/Pods/Pods-frameworks.sh\"\n";
			showEnvVarsInLog = 0;
		};
		F26B8E63A421661E214709F1 /* Copy Pods Resources */ = {
			isa = PBXShellScriptBuildPhase;
			buildActionMask = 2147483647;
			files = (
			);
			inputPaths = (
			);
			name = "Copy Pods Resources";
			outputPaths = (
			);
			runOnlyForDeploymentPostprocessing = 0;
			shellPath = /bin/sh;
			shellScript = "\"${SRCROOT}/Pods/Target Support Files/Pods/Pods-resources.sh\"\n";
			showEnvVarsInLog = 0;
		};
/* End PBXShellScriptBuildPhase section */

/* Begin PBXSourcesBuildPhase section */
		C51A944D1DFFE5F5009C0B87 /* Sources */ = {
			isa = PBXSourcesBuildPhase;
			buildActionMask = 2147483647;
			files = (
				C51A947C1DFFFD4B009C0B87 /* CalendarItemCell.swift in Sources */,
				C522C7891E0151E50075E008 /* Storyboardable.swift in Sources */,
				C5324DCE1E00E516006444A0 /* ToDoUsecase.swift in Sources */,
				C5324DDA1E0139AD006444A0 /* CalendarItemColor.swift in Sources */,
				C5324DE41E014128006444A0 /* UIStoryboard+Scene.swift in Sources */,
				C51A94571DFFE5F5009C0B87 /* CalendarViewController.swift in Sources */,
				C5324DD01E00E53F006444A0 /* ToDoEntity.swift in Sources */,
				C5324DD21E0117F0006444A0 /* String+Date.swift in Sources */,
				C51A94751DFFE60E009C0B87 /* CalendarUsecase.swift in Sources */,
				C5324DE21E0140A8006444A0 /* ToDoViewController.swift in Sources */,
				C5E527811E026C3A00BE94C1 /* ToDoListTableView.swift in Sources */,
				C5324DCC1E00E129006444A0 /* DBUsecase.swift in Sources */,
				C51A94551DFFE5F5009C0B87 /* AppDelegate.swift in Sources */,
				C581D9751DFFFED90045FFC9 /* CalendarCollectionView.swift in Sources */,
				C5324DC11E00CAA4006444A0 /* CalendarItemCellSize.swift in Sources */,
				C5324DCA1E00E120006444A0 /* String+Path.swift in Sources */,
				C5324DD41E011A3C006444A0 /* Date+String.swift in Sources */,
				BC74AF901E018EBC00D11BA9 /* String+SeparatedDate.swift in Sources */,
				C51A94781DFFF031009C0B87 /* Date+Calendar.swift in Sources */,
			);
			runOnlyForDeploymentPostprocessing = 0;
		};
		C51A94611DFFE5F5009C0B87 /* Sources */ = {
			isa = PBXSourcesBuildPhase;
			buildActionMask = 2147483647;
			files = (
				C51A946A1DFFE5F5009C0B87 /* ios_calendarTests.swift in Sources */,
				C5324DD61E012346006444A0 /* DBUsecaseTest.swift in Sources */,
				C5324DD81E012358006444A0 /* ToDoUsecaseTest.swift in Sources */,
			);
			runOnlyForDeploymentPostprocessing = 0;
		};
/* End PBXSourcesBuildPhase section */

/* Begin PBXTargetDependency section */
		C51A94671DFFE5F5009C0B87 /* PBXTargetDependency */ = {
			isa = PBXTargetDependency;
			target = C51A94501DFFE5F5009C0B87 /* ios-calendar */;
			targetProxy = C51A94661DFFE5F5009C0B87 /* PBXContainerItemProxy */;
		};
/* End PBXTargetDependency section */

/* Begin PBXVariantGroup section */
		C51A94581DFFE5F5009C0B87 /* Calendar.storyboard */ = {
			isa = PBXVariantGroup;
			children = (
				C51A94591DFFE5F5009C0B87 /* Base */,
			);
			name = Calendar.storyboard;
			path = .;
			sourceTree = "<group>";
		};
		C51A945D1DFFE5F5009C0B87 /* LaunchScreen.storyboard */ = {
			isa = PBXVariantGroup;
			children = (
				C51A945E1DFFE5F5009C0B87 /* Base */,
			);
			name = LaunchScreen.storyboard;
			path = .;
			sourceTree = "<group>";
		};
/* End PBXVariantGroup section */

/* Begin XCBuildConfiguration section */
		C51A946C1DFFE5F5009C0B87 /* Debug */ = {
			isa = XCBuildConfiguration;
			buildSettings = {
				ALWAYS_SEARCH_USER_PATHS = NO;
				CLANG_ANALYZER_NONNULL = YES;
				CLANG_CXX_LANGUAGE_STANDARD = "gnu++0x";
				CLANG_CXX_LIBRARY = "libc++";
				CLANG_ENABLE_MODULES = YES;
				CLANG_ENABLE_OBJC_ARC = YES;
				CLANG_WARN_BOOL_CONVERSION = YES;
				CLANG_WARN_CONSTANT_CONVERSION = YES;
				CLANG_WARN_DIRECT_OBJC_ISA_USAGE = YES_ERROR;
				CLANG_WARN_DOCUMENTATION_COMMENTS = YES;
				CLANG_WARN_EMPTY_BODY = YES;
				CLANG_WARN_ENUM_CONVERSION = YES;
				CLANG_WARN_INFINITE_RECURSION = YES;
				CLANG_WARN_INT_CONVERSION = YES;
				CLANG_WARN_OBJC_ROOT_CLASS = YES_ERROR;
				CLANG_WARN_SUSPICIOUS_MOVES = YES;
				CLANG_WARN_UNREACHABLE_CODE = YES;
				CLANG_WARN__DUPLICATE_METHOD_MATCH = YES;
				"CODE_SIGN_IDENTITY[sdk=iphoneos*]" = "iPhone Developer";
				COPY_PHASE_STRIP = NO;
				DEBUG_INFORMATION_FORMAT = dwarf;
				ENABLE_STRICT_OBJC_MSGSEND = YES;
				ENABLE_TESTABILITY = YES;
				GCC_C_LANGUAGE_STANDARD = gnu99;
				GCC_DYNAMIC_NO_PIC = NO;
				GCC_NO_COMMON_BLOCKS = YES;
				GCC_OPTIMIZATION_LEVEL = 0;
				GCC_PREPROCESSOR_DEFINITIONS = (
					"DEBUG=1",
					"$(inherited)",
				);
				GCC_WARN_64_TO_32_BIT_CONVERSION = YES;
				GCC_WARN_ABOUT_RETURN_TYPE = YES_ERROR;
				GCC_WARN_UNDECLARED_SELECTOR = YES;
				GCC_WARN_UNINITIALIZED_AUTOS = YES_AGGRESSIVE;
				GCC_WARN_UNUSED_FUNCTION = YES;
				GCC_WARN_UNUSED_VARIABLE = YES;
				IPHONEOS_DEPLOYMENT_TARGET = 10.0;
				MTL_ENABLE_DEBUG_INFO = YES;
				ONLY_ACTIVE_ARCH = YES;
				SDKROOT = iphoneos;
				SWIFT_ACTIVE_COMPILATION_CONDITIONS = DEBUG;
				SWIFT_OPTIMIZATION_LEVEL = "-Onone";
			};
			name = Debug;
		};
		C51A946D1DFFE5F5009C0B87 /* Release */ = {
			isa = XCBuildConfiguration;
			buildSettings = {
				ALWAYS_SEARCH_USER_PATHS = NO;
				CLANG_ANALYZER_NONNULL = YES;
				CLANG_CXX_LANGUAGE_STANDARD = "gnu++0x";
				CLANG_CXX_LIBRARY = "libc++";
				CLANG_ENABLE_MODULES = YES;
				CLANG_ENABLE_OBJC_ARC = YES;
				CLANG_WARN_BOOL_CONVERSION = YES;
				CLANG_WARN_CONSTANT_CONVERSION = YES;
				CLANG_WARN_DIRECT_OBJC_ISA_USAGE = YES_ERROR;
				CLANG_WARN_DOCUMENTATION_COMMENTS = YES;
				CLANG_WARN_EMPTY_BODY = YES;
				CLANG_WARN_ENUM_CONVERSION = YES;
				CLANG_WARN_INFINITE_RECURSION = YES;
				CLANG_WARN_INT_CONVERSION = YES;
				CLANG_WARN_OBJC_ROOT_CLASS = YES_ERROR;
				CLANG_WARN_SUSPICIOUS_MOVES = YES;
				CLANG_WARN_UNREACHABLE_CODE = YES;
				CLANG_WARN__DUPLICATE_METHOD_MATCH = YES;
				"CODE_SIGN_IDENTITY[sdk=iphoneos*]" = "iPhone Developer";
				COPY_PHASE_STRIP = NO;
				DEBUG_INFORMATION_FORMAT = "dwarf-with-dsym";
				ENABLE_NS_ASSERTIONS = NO;
				ENABLE_STRICT_OBJC_MSGSEND = YES;
				GCC_C_LANGUAGE_STANDARD = gnu99;
				GCC_NO_COMMON_BLOCKS = YES;
				GCC_WARN_64_TO_32_BIT_CONVERSION = YES;
				GCC_WARN_ABOUT_RETURN_TYPE = YES_ERROR;
				GCC_WARN_UNDECLARED_SELECTOR = YES;
				GCC_WARN_UNINITIALIZED_AUTOS = YES_AGGRESSIVE;
				GCC_WARN_UNUSED_FUNCTION = YES;
				GCC_WARN_UNUSED_VARIABLE = YES;
				IPHONEOS_DEPLOYMENT_TARGET = 10.0;
				MTL_ENABLE_DEBUG_INFO = NO;
				SDKROOT = iphoneos;
				SWIFT_OPTIMIZATION_LEVEL = "-Owholemodule";
				VALIDATE_PRODUCT = YES;
			};
			name = Release;
		};
		C51A946F1DFFE5F5009C0B87 /* Debug */ = {
			isa = XCBuildConfiguration;
			baseConfigurationReference = 1E113E8EF87E630B9F98A8A7 /* Pods.debug.xcconfig */;
			buildSettings = {
				ASSETCATALOG_COMPILER_APPICON_NAME = AppIcon;
				CLANG_ENABLE_MODULES = YES;
				DEVELOPMENT_TEAM = PCCZJUYRT6;
				INFOPLIST_FILE = "ios-calendar/Info.plist";
				IPHONEOS_DEPLOYMENT_TARGET = 10.0;
				LD_RUNPATH_SEARCH_PATHS = "$(inherited) @executable_path/Frameworks";
				PRODUCT_BUNDLE_IDENTIFIER = "jp.st-ventures.ios-calendar";
				PRODUCT_NAME = "$(TARGET_NAME)";
				SWIFT_OBJC_BRIDGING_HEADER = "ios-calendar/ios-calendar-Bridging-Header.h";
				SWIFT_OPTIMIZATION_LEVEL = "-Onone";
				SWIFT_VERSION = 3.0;
			};
			name = Debug;
		};
		C51A94701DFFE5F5009C0B87 /* Release */ = {
			isa = XCBuildConfiguration;
			baseConfigurationReference = AFAAD4182871B853008BB40B /* Pods.release.xcconfig */;
			buildSettings = {
				ASSETCATALOG_COMPILER_APPICON_NAME = AppIcon;
				CLANG_ENABLE_MODULES = YES;
				DEVELOPMENT_TEAM = PCCZJUYRT6;
				INFOPLIST_FILE = "ios-calendar/Info.plist";
				IPHONEOS_DEPLOYMENT_TARGET = 10.0;
				LD_RUNPATH_SEARCH_PATHS = "$(inherited) @executable_path/Frameworks";
				PRODUCT_BUNDLE_IDENTIFIER = "jp.st-ventures.ios-calendar";
				PRODUCT_NAME = "$(TARGET_NAME)";
				SWIFT_OBJC_BRIDGING_HEADER = "ios-calendar/ios-calendar-Bridging-Header.h";
				SWIFT_VERSION = 3.0;
			};
			name = Release;
		};
		C51A94721DFFE5F5009C0B87 /* Debug */ = {
			isa = XCBuildConfiguration;
			buildSettings = {
				ALWAYS_EMBED_SWIFT_STANDARD_LIBRARIES = YES;
				BUNDLE_LOADER = "$(TEST_HOST)";
				INFOPLIST_FILE = "ios-calendarTests/Info.plist";
				LD_RUNPATH_SEARCH_PATHS = "$(inherited) @executable_path/Frameworks @loader_path/Frameworks";
				PRODUCT_BUNDLE_IDENTIFIER = "jp.st-ventures.ios-calendarTests";
				PRODUCT_NAME = "$(TARGET_NAME)";
				SWIFT_VERSION = 3.0;
				TEST_HOST = "$(BUILT_PRODUCTS_DIR)/ios-calendar.app/ios-calendar";
			};
			name = Debug;
		};
		C51A94731DFFE5F5009C0B87 /* Release */ = {
			isa = XCBuildConfiguration;
			buildSettings = {
				ALWAYS_EMBED_SWIFT_STANDARD_LIBRARIES = YES;
				BUNDLE_LOADER = "$(TEST_HOST)";
				INFOPLIST_FILE = "ios-calendarTests/Info.plist";
				LD_RUNPATH_SEARCH_PATHS = "$(inherited) @executable_path/Frameworks @loader_path/Frameworks";
				PRODUCT_BUNDLE_IDENTIFIER = "jp.st-ventures.ios-calendarTests";
				PRODUCT_NAME = "$(TARGET_NAME)";
				SWIFT_VERSION = 3.0;
				TEST_HOST = "$(BUILT_PRODUCTS_DIR)/ios-calendar.app/ios-calendar";
			};
			name = Release;
		};
/* End XCBuildConfiguration section */

/* Begin XCConfigurationList section */
		C51A944C1DFFE5F5009C0B87 /* Build configuration list for PBXProject "ios-calendar" */ = {
			isa = XCConfigurationList;
			buildConfigurations = (
				C51A946C1DFFE5F5009C0B87 /* Debug */,
				C51A946D1DFFE5F5009C0B87 /* Release */,
			);
			defaultConfigurationIsVisible = 0;
			defaultConfigurationName = Release;
		};
		C51A946E1DFFE5F5009C0B87 /* Build configuration list for PBXNativeTarget "ios-calendar" */ = {
			isa = XCConfigurationList;
			buildConfigurations = (
				C51A946F1DFFE5F5009C0B87 /* Debug */,
				C51A94701DFFE5F5009C0B87 /* Release */,
			);
			defaultConfigurationIsVisible = 0;
			defaultConfigurationName = Release;
		};
		C51A94711DFFE5F5009C0B87 /* Build configuration list for PBXNativeTarget "ios-calendarTests" */ = {
			isa = XCConfigurationList;
			buildConfigurations = (
				C51A94721DFFE5F5009C0B87 /* Debug */,
				C51A94731DFFE5F5009C0B87 /* Release */,
			);
			defaultConfigurationIsVisible = 0;
			defaultConfigurationName = Release;
		};
/* End XCConfigurationList section */
	};
	rootObject = C51A94491DFFE5F5009C0B87 /* Project object */;
}
